
Microsoft Visual Studio Solution File, Format Version 12.00
# Visual Studio Version 16
VisualStudioVersion = 16.0.29613.14
MinimumVisualStudioVersion = 10.0.40219.1
Project("{FAE04EC0-301F-11D3-BF4B-00C04F79EFBC}") = "PrimeAPP", "PrimeAPP\PrimeAPP.csproj", "{C952D927-65CE-4B17-88EE-C25B89312CCD}"
EndProject
Global
	GlobalSection(SolutionConfigurationPlatforms) = preSolution
		Debug|Any CPU = Debug|Any CPU
		Release|Any CPU = Release|Any CPU
	EndGlobalSection
	GlobalSection(ProjectConfigurationPlatforms) = postSolution
		{C952D927-65CE-4B17-88EE-C25B89312CCD}.Debug|Any CPU.ActiveCfg = Debug|Any CPU
		{C952D927-65CE-4B17-88EE-C25B89312CCD}.Debug|Any CPU.Build.0 = Debug|Any CPU
		{C952D927-65CE-4B17-88EE-C25B89312CCD}.Release|Any CPU.ActiveCfg = Release|Any CPU
		{C952D927-65CE-4B17-88EE-C25B89312CCD}.Release|Any CPU.Build.0 = Release|Any CPU
	EndGlobalSection
	GlobalSection(SolutionProperties) = preSolution
		HideSolutionNode = FALSE
	EndGlobalSection
	GlobalSection(ExtensibilityGlobals) = postSolution
		SolutionGuid = {80CD94CE-4231-4133-9E3F-B1B2D443D71C}
	EndGlobalSection
EndGlobal
